<?xml version="1.0" encoding="utf-8"?>
<Project ToolsVersion="4.0" xmlns="http://schemas.microsoft.com/developer/msbuild/2003">
  <ItemGroup>
    <Filter Include="Source Files">
      <UniqueIdentifier>{16b165e0-58e5-4b76-aee2-f1365b95cd97}</UniqueIdentifier>
      <Extensions>cpp;c;cxx;rc;def;r;odl;idl;hpj;bat</Extensions>
    </Filter>
    <Filter Include="Header Files">
      <UniqueIdentifier>{bfe45d22-ebdc-430d-b91b-6e435b5ef09f}</UniqueIdentifier>
      <Extensions>h;hpp;hxx;hm;inl</Extensions>
    </Filter>
    <Filter Include="Resource Files">
      <UniqueIdentifier>{53844223-65be-4e7f-9e5a-2af877e54648}</UniqueIdentifier>
      <Extensions>ico;cur;bmp;dlg;rc2;rct;bin;rgs;gif;jpg;jpeg;jpe</Extensions>
    </Filter>
    <Filter Include="fmt">
      <UniqueIdentifier>{057ba53e-24e4-4d29-a2d5-9909b1e189e7}</UniqueIdentifier>
    </Filter>
  </ItemGroup>
  <ItemGroup>
    <ResourceCompile Include="..\itcXOP2.rc">
      <Filter>Resource Files</Filter>
    </ResourceCompile>
  </ItemGroup>
  <ItemGroup>
    <Library Include="..\XOPSupport\IGOR.lib" />
    <Library Include="..\XOPSupport\IGOR64.lib" />
    <Library Include="..\XOPSupport\VC\XOPSupport.lib" />
    <Library Include="..\XOPSupport\VC\XOPSupport64.lib" />
    <Library Include="..\..\itcmm\ITCMM32.lib" />
    <Library Include="..\..\itcmm\ITCMM64.lib" />
  </ItemGroup>
  <ItemGroup>
    <ClCompile Include="..\itcXOP2.cpp">
      <Filter>Source Files</Filter>
    </ClCompile>
    <ClCompile Include="..\itcdll.cpp">
      <Filter>Source Files</Filter>
    </ClCompile>
    <ClCompile Include="..\RegisterOperations.cpp">
      <Filter>Source Files</Filter>
    </ClCompile>
    <ClCompile Include="..\HelperFunctions.cpp">
      <Filter>Source Files</Filter>
    </ClCompile>
    <ClCompile Include="..\ErrorDisplayClass.cpp">
      <Filter>Source Files</Filter>
    </ClCompile>
    <ClCompile Include="..\ITCOpenDevice2.cpp">
      <Filter>Source Files</Filter>
    </ClCompile>
    <ClCompile Include="..\ITCCloseDevice2.cpp">
      <Filter>Source Files</Filter>
    </ClCompile>
    <ClCompile Include="..\ITCCloseAll2.cpp">
      <Filter>Source Files</Filter>
    </ClCompile>
    <ClCompile Include="..\ITCGetAllChannelsConfig2.cpp">
      <Filter>Source Files</Filter>
    </ClCompile>
    <ClCompile Include="..\ChannelSelection.cpp">
      <Filter>Source Files</Filter>
    </ClCompile>
    <ClCompile Include="..\CustomExceptions.cpp">
      <Filter>Source Files</Filter>
    </ClCompile>
    <ClCompile Include="..\DeviceIDHelper.cpp">
      <Filter>Source Files</Filter>
    </ClCompile>
    <ClCompile Include="..\ITCConfigChannel2.cpp">
      <Filter>Source Files</Filter>
    </ClCompile>
    <ClCompile Include="..\ITCConfigChannelUpload2.cpp">
      <Filter>Source Files</Filter>
    </ClCompile>
    <ClCompile Include="..\ITCChannelTypeEnum.cpp">
      <Filter>Source Files</Filter>
    </ClCompile>
    <ClCompile Include="..\ITCDeviceTypeEnum.cpp">
      <Filter>Source Files</Filter>
    </ClCompile>
    <ClCompile Include="..\ITCSelectDevice2.cpp">
      <Filter>Source Files</Filter>
    </ClCompile>
    <ClCompile Include="..\ITCFIFOAvailable2.cpp">
      <Filter>Source Files</Filter>
    </ClCompile>
    <ClCompile Include="..\ITCFIFOAvailableAll2.cpp">
      <Filter>Source Files</Filter>
    </ClCompile>
    <ClCompile Include="..\ITCGetChannelConfig2.cpp">
      <Filter>Source Files</Filter>
    </ClCompile>
    <ClCompile Include="..\ITCInitialize2.cpp">
      <Filter>Source Files</Filter>
    </ClCompile>
    <ClCompile Include="..\ITCConfigAllChannels2.cpp">
      <Filter>Source Files</Filter>
    </ClCompile>
    <ClCompile Include="..\ITCReadADC2.cpp">
      <Filter>Source Files</Filter>
    </ClCompile>
    <ClCompile Include="..\ITCReadDigital2.cpp">
      <Filter>Source Files</Filter>
    </ClCompile>
    <ClCompile Include="..\ITCReadTimer2.cpp">
      <Filter>Source Files</Filter>
    </ClCompile>
    <ClCompile Include="..\ITCSetDAC2.cpp">
      <Filter>Source Files</Filter>
    </ClCompile>
    <ClCompile Include="..\ITCWriteDigital2.cpp">
      <Filter>Source Files</Filter>
    </ClCompile>
    <ClCompile Include="..\ITCStartAcq2.cpp">
      <Filter>Source Files</Filter>
    </ClCompile>
    <ClCompile Include="..\ITCStopAcq2.cpp">
      <Filter>Source Files</Filter>
    </ClCompile>
    <ClCompile Include="..\ITCGetDevices2.cpp">
      <Filter>Source Files</Filter>
    </ClCompile>
    <ClCompile Include="..\ITCGetState2.cpp">
      <Filter>Source Files</Filter>
    </ClCompile>
    <ClCompile Include="..\ITCUpdateFIFOPositionAll2.cpp">
      <Filter>Source Files</Filter>
    </ClCompile>
    <ClCompile Include="..\ITCUpdateFIFOPosition2.cpp">
      <Filter>Source Files</Filter>
    </ClCompile>
    <ClCompile Include="..\ITCGetCurrentDevice2.cpp">
      <Filter>Source Files</Filter>
    </ClCompile>
    <ClCompile Include="..\ITCGetDeviceInfo2.cpp">
      <Filter>Source Files</Filter>
    </ClCompile>
    <ClCompile Include="..\ITCGetErrorString2.cpp">
      <Filter>Source Files</Filter>
    </ClCompile>
    <ClCompile Include="..\ITCGetSerialNumber2.cpp">
      <Filter>Source Files</Filter>
    </ClCompile>
    <ClCompile Include="..\ITCGetVersions2.cpp">
      <Filter>Source Files</Filter>
    </ClCompile>
    <ClCompile Include="..\ITCSetGlobals2.cpp">
      <Filter>Source Files</Filter>
    </ClCompile>
    <ClCompile Include="..\ITCSetState2.cpp">
      <Filter>Source Files</Filter>
    </ClCompile>
    <ClCompile Include="..\ITCSetModes2.cpp">
      <Filter>Source Files</Filter>
    </ClCompile>
    <ClCompile Include="..\ITCConfigChannelReset2.cpp">
      <Filter>Source Files</Filter>
    </ClCompile>
    <ClCompile Include="..\ConcurrentXOPNotice.cpp">
      <Filter>Source Files</Filter>
    </ClCompile>
    <ClCompile Include="..\fmt\fmt\format.cc">
      <Filter>fmt</Filter>
    </ClCompile>
    <ClCompile Include="..\fmt\fmt\ostream.cc">
      <Filter>fmt</Filter>
    </ClCompile>
    <ClCompile Include="..\fmt\fmt\posix.cc">
      <Filter>fmt</Filter>
    </ClCompile>
  </ItemGroup>
  <ItemGroup>
    <ClInclude Include="..\itcXOP2.h">
      <Filter>Header Files</Filter>
    </ClInclude>
    <ClInclude Include="..\itcdll.h">
      <Filter>Header Files</Filter>
    </ClInclude>
    <ClInclude Include="..\HelperFunctions.h">
      <Filter>Header Files</Filter>
    </ClInclude>
    <ClInclude Include="..\ErrorDisplayClass.h">
      <Filter>Header Files</Filter>
    </ClInclude>
    <ClInclude Include="..\DeviceIDClass.h">
      <Filter>Header Files</Filter>
    </ClInclude>
    <ClInclude Include="..\RegisterOperations.h">
      <Filter>Header Files</Filter>
    </ClInclude>
    <ClInclude Include="..\ITC_StandardHeaders.h">
      <Filter>Header Files</Filter>
    </ClInclude>
    <ClInclude Include="..\ChannelSelection.h">
      <Filter>Header Files</Filter>
    </ClInclude>
    <ClInclude Include="..\CustomExceptions.h">
      <Filter>Header Files</Filter>
    </ClInclude>
    <ClInclude Include="..\DeviceIDHelper.h">
      <Filter>Header Files</Filter>
    </ClInclude>
    <ClInclude Include="..\ITCChannelTypeEnum.h">
      <Filter>Header Files</Filter>
    </ClInclude>
    <ClInclude Include="..\ITCDeviceTypeEnum.h">
      <Filter>Header Files</Filter>
    </ClInclude>
    <ClInclude Include="..\HelperFunctions_DAC.h">
      <Filter>Header Files</Filter>
    </ClInclude>
    <ClInclude Include="..\ConcurrentQueue.h">
      <Filter>Header Files</Filter>
    </ClInclude>
    <ClInclude Include="..\ConcurrentXOPNotice.h">
      <Filter>Header Files</Filter>
    </ClInclude>
    <ClInclude Include="..\fmt\fmt\format.h">
      <Filter>fmt</Filter>
    </ClInclude>
    <ClInclude Include="..\fmt\fmt\ostream.h">
      <Filter>fmt</Filter>
    </ClInclude>
    <ClInclude Include="..\fmt\fmt\posix.h">
      <Filter>fmt</Filter>
    </ClInclude>
    <ClInclude Include="..\fmt\fmt\printf.h">
      <Filter>fmt</Filter>
    </ClInclude>
    <ClInclude Include="..\fmt\fmt\string.h">
      <Filter>fmt</Filter>
    </ClInclude>
    <ClInclude Include="..\fmt\fmt\time.h">
      <Filter>fmt</Filter>
    </ClInclude>
  </ItemGroup>
  <ItemGroup>
    <None Include="..\itcXOP2WinCustom.rc">
      <Filter>Resource Files</Filter>
    </None>
  </ItemGroup>
</Project>